Microsoft Visual Studio Solution File, Format Version 12.00
# Visual Studio Version 17
VisualStudioVersion = 17.5.2.0
MinimumVisualStudioVersion = 10.0.40219.1
Project("{FAE04EC0-301F-11D3-BF4B-00C04F79EFBC}") = "first-bito-repo", "first-bito-repo.csproj", "{42C04A67-0B3F-753F-C7DF-FE0E19F70CDE}"
EndProject
Global
	GlobalSection(SolutionConfigurationPlatforms) = preSolution
		Debug|Any CPU = Debug|Any CPU
		Release|Any CPU = Release|Any CPU
	EndGlobalSection
	GlobalSection(ProjectConfigurationPlatforms) = postSolution
		{42C04A67-0B3F-753F-C7DF-FE0E19F70CDE}.Debug|Any CPU.ActiveCfg = Debug|Any CPU
		{42C04A67-0B3F-753F-C7DF-FE0E19F70CDE}.Debug|Any CPU.Build.0 = Debug|Any CPU
		{42C04A67-0B3F-753F-C7DF-FE0E19F70CDE}.Release|Any CPU.ActiveCfg = Release|Any CPU
		{42C04A67-0B3F-753F-C7DF-FE0E19F70CDE}.Release|Any CPU.Build.0 = Release|Any CPU
	EndGlobalSection
	GlobalSection(SolutionProperties) = preSolution
		HideSolutionNode = FALSE
	EndGlobalSection
	GlobalSection(ExtensibilityGlobals) = postSolution
		SolutionGuid = {93EB6658-8A2B-4AE9-8CBD-299BD19B957A}
	EndGlobalSection
EndGlobal
